// !$*UTF8*$!
{
	archiveVersion = 1;
	classes = {
	};
	objectVersion = 46;
	objects = {

/* Begin PBXBuildFile section */
		3D5345741A63EB97003302EB /* TADFoodDetailViewController.m in Sources */ = {isa = PBXBuildFile; fileRef = 3D5345731A63EB97003302EB /* TADFoodDetailViewController.m */; };
		3D5345761A642E0B003302EB /* CoreLocation.framework in Frameworks */ = {isa = PBXBuildFile; fileRef = 3D5345751A642E0B003302EB /* CoreLocation.framework */; };
		3D5345781A6436CA003302EB /* MapKit.framework in Frameworks */ = {isa = PBXBuildFile; fileRef = 3D5345771A6436CA003302EB /* MapKit.framework */; };
		3DD541A51A62EE55003FBB49 /* main.m in Sources */ = {isa = PBXBuildFile; fileRef = 3DD541A41A62EE55003FBB49 /* main.m */; };
		3DD541A81A62EE55003FBB49 /* AppDelegate.m in Sources */ = {isa = PBXBuildFile; fileRef = 3DD541A71A62EE55003FBB49 /* AppDelegate.m */; };
		3DD541BF1A62EE55003FBB49 /* FoodDiaryTests.m in Sources */ = {isa = PBXBuildFile; fileRef = 3DD541BE1A62EE55003FBB49 /* FoodDiaryTests.m */; };
		3DD541C91A62EF96003FBB49 /* Storyboard.storyboard in Resources */ = {isa = PBXBuildFile; fileRef = 3DD541C81A62EF95003FBB49 /* Storyboard.storyboard */; };
		3DD541CC1A62F196003FBB49 /* TADFoodTableViewController.m in Sources */ = {isa = PBXBuildFile; fileRef = 3DD541CB1A62F196003FBB49 /* TADFoodTableViewController.m */; };
		3DD541CF1A62FB4E003FBB49 /* TADAddFoodViewController.m in Sources */ = {isa = PBXBuildFile; fileRef = 3DD541CE1A62FB4E003FBB49 /* TADAddFoodViewController.m */; };
/* End PBXBuildFile section */

/* Begin PBXContainerItemProxy section */
		3DD541B91A62EE55003FBB49 /* PBXContainerItemProxy */ = {
			isa = PBXContainerItemProxy;
			containerPortal = 3DD541971A62EE55003FBB49 /* Project object */;
			proxyType = 1;
			remoteGlobalIDString = 3DD5419E1A62EE55003FBB49;
			remoteInfo = FoodDiary;
		};
/* End PBXContainerItemProxy section */

/* Begin PBXFileReference section */
		3D5345721A63EB97003302EB /* TADFoodDetailViewController.h */ = {isa = PBXFileReference; fileEncoding = 4; lastKnownFileType = sourcecode.c.h; path = TADFoodDetailViewController.h; sourceTree = "<group>"; };
		3D5345731A63EB97003302EB /* TADFoodDetailViewController.m */ = {isa = PBXFileReference; fileEncoding = 4; lastKnownFileType = sourcecode.c.objc; path = TADFoodDetailViewController.m; sourceTree = "<group>"; };
		3D5345751A642E0B003302EB /* CoreLocation.framework */ = {isa = PBXFileReference; lastKnownFileType = wrapper.framework; name = CoreLocation.framework; path = System/Library/Frameworks/CoreLocation.framework; sourceTree = SDKROOT; };
		3D5345771A6436CA003302EB /* MapKit.framework */ = {isa = PBXFileReference; lastKnownFileType = wrapper.framework; name = MapKit.framework; path = System/Library/Frameworks/MapKit.framework; sourceTree = SDKROOT; };
		3DD5419F1A62EE55003FBB49 /* FoodDiary.app */ = {isa = PBXFileReference; explicitFileType = wrapper.application; includeInIndex = 0; path = FoodDiary.app; sourceTree = BUILT_PRODUCTS_DIR; };
		3DD541A31A62EE55003FBB49 /* Info.plist */ = {isa = PBXFileReference; lastKnownFileType = text.plist.xml; path = Info.plist; sourceTree = "<group>"; };
		3DD541A41A62EE55003FBB49 /* main.m */ = {isa = PBXFileReference; lastKnownFileType = sourcecode.c.objc; path = main.m; sourceTree = "<group>"; };
		3DD541A61A62EE55003FBB49 /* AppDelegate.h */ = {isa = PBXFileReference; lastKnownFileType = sourcecode.c.h; path = AppDelegate.h; sourceTree = "<group>"; };
		3DD541A71A62EE55003FBB49 /* AppDelegate.m */ = {isa = PBXFileReference; lastKnownFileType = sourcecode.c.objc; path = AppDelegate.m; sourceTree = "<group>"; };
		3DD541B81A62EE55003FBB49 /* FoodDiaryTests.xctest */ = {isa = PBXFileReference; explicitFileType = wrapper.cfbundle; includeInIndex = 0; path = FoodDiaryTests.xctest; sourceTree = BUILT_PRODUCTS_DIR; };
		3DD541BD1A62EE55003FBB49 /* Info.plist */ = {isa = PBXFileReference; lastKnownFileType = text.plist.xml; path = Info.plist; sourceTree = "<group>"; };
		3DD541BE1A62EE55003FBB49 /* FoodDiaryTests.m */ = {isa = PBXFileReference; lastKnownFileType = sourcecode.c.objc; path = FoodDiaryTests.m; sourceTree = "<group>"; };
		3DD541C81A62EF95003FBB49 /* Storyboard.storyboard */ = {isa = PBXFileReference; fileEncoding = 4; lastKnownFileType = file.storyboard; name = Storyboard.storyboard; path = ../Storyboard.storyboard; sourceTree = "<group>"; };
		3DD541CA1A62F196003FBB49 /* TADFoodTableViewController.h */ = {isa = PBXFileReference; fileEncoding = 4; lastKnownFileType = sourcecode.c.h; path = TADFoodTableViewController.h; sourceTree = "<group>"; };
		3DD541CB1A62F196003FBB49 /* TADFoodTableViewController.m */ = {isa = PBXFileReference; fileEncoding = 4; lastKnownFileType = sourcecode.c.objc; path = TADFoodTableViewController.m; sourceTree = "<group>"; };
		3DD541CD1A62FB4E003FBB49 /* TADAddFoodViewController.h */ = {isa = PBXFileReference; fileEncoding = 4; lastKnownFileType = sourcecode.c.h; path = TADAddFoodViewController.h; sourceTree = "<group>"; };
		3DD541CE1A62FB4E003FBB49 /* TADAddFoodViewController.m */ = {isa = PBXFileReference; fileEncoding = 4; lastKnownFileType = sourcecode.c.objc; path = TADAddFoodViewController.m; sourceTree = "<group>"; };
/* End PBXFileReference section */

/* Begin PBXFrameworksBuildPhase section */
		3DD5419C1A62EE55003FBB49 /* Frameworks */ = {
			isa = PBXFrameworksBuildPhase;
			buildActionMask = 2147483647;
			files = (
				3D5345781A6436CA003302EB /* MapKit.framework in Frameworks */,
				3D5345761A642E0B003302EB /* CoreLocation.framework in Frameworks */,
			);
			runOnlyForDeploymentPostprocessing = 0;
		};
		3DD541B51A62EE55003FBB49 /* Frameworks */ = {
			isa = PBXFrameworksBuildPhase;
			buildActionMask = 2147483647;
			files = (
			);
			runOnlyForDeploymentPostprocessing = 0;
		};
/* End PBXFrameworksBuildPhase section */

/* Begin PBXGroup section */
		3DD541961A62EE55003FBB49 = {
			isa = PBXGroup;
			children = (
				3D5345771A6436CA003302EB /* MapKit.framework */,
				3D5345751A642E0B003302EB /* CoreLocation.framework */,
				3DD541A11A62EE55003FBB49 /* FoodDiary */,
				3DD541BB1A62EE55003FBB49 /* FoodDiaryTests */,
				3DD541A01A62EE55003FBB49 /* Products */,
			);
			sourceTree = "<group>";
		};
		3DD541A01A62EE55003FBB49 /* Products */ = {
			isa = PBXGroup;
			children = (
				3DD5419F1A62EE55003FBB49 /* FoodDiary.app */,
				3DD541B81A62EE55003FBB49 /* FoodDiaryTests.xctest */,
			);
			name = Products;
			sourceTree = "<group>";
		};
		3DD541A11A62EE55003FBB49 /* FoodDiary */ = {
			isa = PBXGroup;
			children = (
				3DD541C81A62EF95003FBB49 /* Storyboard.storyboard */,
				3DD541CD1A62FB4E003FBB49 /* TADAddFoodViewController.h */,
				3DD541CE1A62FB4E003FBB49 /* TADAddFoodViewController.m */,
				3DD541A61A62EE55003FBB49 /* AppDelegate.h */,
				3DD541A71A62EE55003FBB49 /* AppDelegate.m */,
				3DD541CA1A62F196003FBB49 /* TADFoodTableViewController.h */,
				3DD541CB1A62F196003FBB49 /* TADFoodTableViewController.m */,
				3D5345721A63EB97003302EB /* TADFoodDetailViewController.h */,
				3D5345731A63EB97003302EB /* TADFoodDetailViewController.m */,
				3DD541A21A62EE55003FBB49 /* Supporting Files */,
			);
			path = FoodDiary;
			sourceTree = "<group>";
		};
		3DD541A21A62EE55003FBB49 /* Supporting Files */ = {
			isa = PBXGroup;
			children = (
				3DD541A31A62EE55003FBB49 /* Info.plist */,
				3DD541A41A62EE55003FBB49 /* main.m */,
			);
			name = "Supporting Files";
			sourceTree = "<group>";
		};
		3DD541BB1A62EE55003FBB49 /* FoodDiaryTests */ = {
			isa = PBXGroup;
			children = (
				3DD541BE1A62EE55003FBB49 /* FoodDiaryTests.m */,
				3DD541BC1A62EE55003FBB49 /* Supporting Files */,
			);
			path = FoodDiaryTests;
			sourceTree = "<group>";
		};
		3DD541BC1A62EE55003FBB49 /* Supporting Files */ = {
			isa = PBXGroup;
			children = (
				3DD541BD1A62EE55003FBB49 /* Info.plist */,
			);
			name = "Supporting Files";
			sourceTree = "<group>";
		};
/* End PBXGroup section */

/* Begin PBXNativeTarget section */
		3DD5419E1A62EE55003FBB49 /* FoodDiary */ = {
			isa = PBXNativeTarget;
			buildConfigurationList = 3DD541C21A62EE55003FBB49 /* Build configuration list for PBXNativeTarget "FoodDiary" */;
			buildPhases = (
				3DD5419B1A62EE55003FBB49 /* Sources */,
				3DD5419C1A62EE55003FBB49 /* Frameworks */,
				3DD5419D1A62EE55003FBB49 /* Resources */,
			);
			buildRules = (
			);
			dependencies = (
			);
			name = FoodDiary;
			productName = FoodDiary;
			productReference = 3DD5419F1A62EE55003FBB49 /* FoodDiary.app */;
			productType = "com.apple.product-type.application";
		};
		3DD541B71A62EE55003FBB49 /* FoodDiaryTests */ = {
			isa = PBXNativeTarget;
			buildConfigurationList = 3DD541C51A62EE55003FBB49 /* Build configuration list for PBXNativeTarget "FoodDiaryTests" */;
			buildPhases = (
				3DD541B41A62EE55003FBB49 /* Sources */,
				3DD541B51A62EE55003FBB49 /* Frameworks */,
				3DD541B61A62EE55003FBB49 /* Resources */,
			);
			buildRules = (
			);
			dependencies = (
				3DD541BA1A62EE55003FBB49 /* PBXTargetDependency */,
			);
			name = FoodDiaryTests;
			productName = FoodDiaryTests;
			productReference = 3DD541B81A62EE55003FBB49 /* FoodDiaryTests.xctest */;
			productType = "com.apple.product-type.bundle.unit-test";
		};
/* End PBXNativeTarget section */

/* Begin PBXProject section */
		3DD541971A62EE55003FBB49 /* Project object */ = {
			isa = PBXProject;
			attributes = {
				LastUpgradeCheck = 0610;
				ORGANIZATIONNAME = "Andre Maia";
				TargetAttributes = {
					3DD5419E1A62EE55003FBB49 = {
						CreatedOnToolsVersion = 6.1.1;
					};
					3DD541B71A62EE55003FBB49 = {
						CreatedOnToolsVersion = 6.1.1;
						TestTargetID = 3DD5419E1A62EE55003FBB49;
					};
				};
			};
			buildConfigurationList = 3DD5419A1A62EE55003FBB49 /* Build configuration list for PBXProject "FoodDiary" */;
			compatibilityVersion = "Xcode 3.2";
			developmentRegion = English;
			hasScannedForEncodings = 0;
			knownRegions = (
				en,
				Base,
			);
			mainGroup = 3DD541961A62EE55003FBB49;
			productRefGroup = 3DD541A01A62EE55003FBB49 /* Products */;
			projectDirPath = "";
			projectRoot = "";
			targets = (
				3DD5419E1A62EE55003FBB49 /* FoodDiary */,
				3DD541B71A62EE55003FBB49 /* FoodDiaryTests */,
			);
		};
/* End PBXProject section */

/* Begin PBXResourcesBuildPhase section */
		3DD5419D1A62EE55003FBB49 /* Resources */ = {
			isa = PBXResourcesBuildPhase;
			buildActionMask = 2147483647;
			files = (
				3DD541C91A62EF96003FBB49 /* Storyboard.storyboard in Resources */,
			);
			runOnlyForDeploymentPostprocessing = 0;
		};
		3DD541B61A62EE55003FBB49 /* Resources */ = {
			isa = PBXResourcesBuildPhase;
			buildActionMask = 2147483647;
			files = (
			);
			runOnlyForDeploymentPostprocessing = 0;
		};
/* End PBXResourcesBuildPhase section */

/* Begin PBXSourcesBuildPhase section */
		3DD5419B1A62EE55003FBB49 /* Sources */ = {
			isa = PBXSourcesBuildPhase;
			buildActionMask = 2147483647;
			files = (
				3DD541A81A62EE55003FBB49 /* AppDelegate.m in Sources */,
				3DD541A51A62EE55003FBB49 /* main.m in Sources */,
				3DD541CF1A62FB4E003FBB49 /* TADAddFoodViewController.m in Sources */,
				3DD541CC1A62F196003FBB49 /* TADFoodTableViewController.m in Sources */,
				3D5345741A63EB97003302EB /* TADFoodDetailViewController.m in Sources */,
			);
			runOnlyForDeploymentPostprocessing = 0;
		};
		3DD541B41A62EE55003FBB49 /* Sources */ = {
			isa = PBXSourcesBuildPhase;
			buildActionMask = 2147483647;
			files = (
				3DD541BF1A62EE55003FBB49 /* FoodDiaryTests.m in Sources */,
			);
			runOnlyForDeploymentPostprocessing = 0;
		};
/* End PBXSourcesBuildPhase section */

/* Begin PBXTargetDependency section */
		3DD541BA1A62EE55003FBB49 /* PBXTargetDependency */ = {
			isa = PBXTargetDependency;
			target = 3DD5419E1A62EE55003FBB49 /* FoodDiary */;
			targetProxy = 3DD541B91A62EE55003FBB49 /* PBXContainerItemProxy */;
		};
/* End PBXTargetDependency section */

/* Begin XCBuildConfiguration section */
		3DD541C01A62EE55003FBB49 /* Debug */ = {
			isa = XCBuildConfiguration;
			buildSettings = {
				ALWAYS_SEARCH_USER_PATHS = NO;
				CLANG_CXX_LANGUAGE_STANDARD = "gnu++0x";
				CLANG_CXX_LIBRARY = "libc++";
				CLANG_ENABLE_MODULES = YES;
				CLANG_ENABLE_OBJC_ARC = YES;
				CLANG_WARN_BOOL_CONVERSION = YES;
				CLANG_WARN_CONSTANT_CONVERSION = YES;
				CLANG_WARN_DIRECT_OBJC_ISA_USAGE = YES_ERROR;
				CLANG_WARN_EMPTY_BODY = YES;
				CLANG_WARN_ENUM_CONVERSION = YES;
				CLANG_WARN_INT_CONVERSION = YES;
				CLANG_WARN_OBJC_ROOT_CLASS = YES_ERROR;
				CLANG_WARN_UNREACHABLE_CODE = YES;
				CLANG_WARN__DUPLICATE_METHOD_MATCH = YES;
				"CODE_SIGN_IDENTITY[sdk=iphoneos*]" = "iPhone Developer";
				COPY_PHASE_STRIP = NO;
				ENABLE_STRICT_OBJC_MSGSEND = YES;
				GCC_C_LANGUAGE_STANDARD = gnu99;
				GCC_DYNAMIC_NO_PIC = NO;
				GCC_OPTIMIZATION_LEVEL = 0;
				GCC_PREPROCESSOR_DEFINITIONS = (
					"DEBUG=1",
					"$(inherited)",
				);
				GCC_SYMBOLS_PRIVATE_EXTERN = NO;
				GCC_WARN_64_TO_32_BIT_CONVERSION = YES;
				GCC_WARN_ABOUT_RETURN_TYPE = YES_ERROR;
				GCC_WARN_UNDECLARED_SELECTOR = YES;
				GCC_WARN_UNINITIALIZED_AUTOS = YES_AGGRESSIVE;
				GCC_WARN_UNUSED_FUNCTION = YES;
				GCC_WARN_UNUSED_VARIABLE = YES;
				IPHONEOS_DEPLOYMENT_TARGET = 8.1;
				MTL_ENABLE_DEBUG_INFO = YES;
				ONLY_ACTIVE_ARCH = YES;
				SDKROOT = iphoneos;
			};
			name = Debug;
		};
		3DD541C11A62EE55003FBB49 /* Release */ = {
			isa = XCBuildConfiguration;
			buildSettings = {
				ALWAYS_SEARCH_USER_PATHS = NO;
				CLANG_CXX_LANGUAGE_STANDARD = "gnu++0x";
				CLANG_CXX_LIBRARY = "libc++";
				CLANG_ENABLE_MODULES = YES;
				CLANG_ENABLE_OBJC_ARC = YES;
				CLANG_WARN_BOOL_CONVERSION = YES;
				CLANG_WARN_CONSTANT_CONVERSION = YES;
				CLANG_WARN_DIRECT_OBJC_ISA_USAGE = YES_ERROR;
				CLANG_WARN_EMPTY_BODY = YES;
				CLANG_WARN_ENUM_CONVERSION = YES;
				CLANG_WARN_INT_CONVERSION = YES;
				CLANG_WARN_OBJC_ROOT_CLASS = YES_ERROR;
				CLANG_WARN_UNREACHABLE_CODE = YES;
				CLANG_WARN__DUPLICATE_METHOD_MATCH = YES;
				"CODE_SIGN_IDENTITY[sdk=iphoneos*]" = "iPhone Developer";
				COPY_PHASE_STRIP = YES;
				ENABLE_NS_ASSERTIONS = NO;
				ENABLE_STRICT_OBJC_MSGSEND = YES;
				GCC_C_LANGUAGE_STANDARD = gnu99;
				GCC_WARN_64_TO_32_BIT_CONVERSION = YES;
				GCC_WARN_ABOUT_RETURN_TYPE = YES_ERROR;
				GCC_WARN_UNDECLARED_SELECTOR = YES;
				GCC_WARN_UNINITIALIZED_AUTOS = YES_AGGRESSIVE;
				GCC_WARN_UNUSED_FUNCTION = YES;
				GCC_WARN_UNUSED_VARIABLE = YES;
				IPHONEOS_DEPLOYMENT_TARGET = 8.1;
				MTL_ENABLE_DEBUG_INFO = NO;
				SDKROOT = iphoneos;
				VALIDATE_PRODUCT = YES;
			};
			name = Release;
		};
		3DD541C31A62EE55003FBB49 /* Debug */ = {
			isa = XCBuildConfiguration;
			buildSettings = {
				ASSETCATALOG_COMPILER_APPICON_NAME = AppIcon;
				INFOPLIST_FILE = FoodDiary/Info.plist;
				LD_RUNPATH_SEARCH_PATHS = "$(inherited) @executable_path/Frameworks";
				PRODUCT_NAME = "$(TARGET_NAME)";
			};
			name = Debug;
		};
		3DD541C41A62EE55003FBB49 /* Release */ = {
			isa = XCBuildConfiguration;
			buildSettings = {
				ASSETCATALOG_COMPILER_APPICON_NAME = AppIcon;
				INFOPLIST_FILE = FoodDiary/Info.plist;
				LD_RUNPATH_SEARCH_PATHS = "$(inherited) @executable_path/Frameworks";
				PRODUCT_NAME = "$(TARGET_NAME)";
			};
			name = Release;
		};
		3DD541C61A62EE55003FBB49 /* Debug */ = {
			isa = XCBuildConfiguration;
			buildSettings = {
				BUNDLE_LOADER = "$(TEST_HOST)";
				FRAMEWORK_SEARCH_PATHS = (
					"$(SDKROOT)/Developer/Library/Frameworks",
					"$(inherited)",
				);
				GCC_PREPROCESSOR_DEFINITIONS = (
					"DEBUG=1",
					"$(inherited)",
				);
				INFOPLIST_FILE = FoodDiaryTests/Info.plist;
				LD_RUNPATH_SEARCH_PATHS = "$(inherited) @executable_path/Frameworks @loader_path/Frameworks";
				PRODUCT_NAME = "$(TARGET_NAME)";
				TEST_HOST = "$(BUILT_PRODUCTS_DIR)/FoodDiary.app/FoodDiary";
			};
			name = Debug;
		};
		3DD541C71A62EE55003FBB49 /* Release */ = {
			isa = XCBuildConfiguration;
			buildSettings = {
				BUNDLE_LOADER = "$(TEST_HOST)";
				FRAMEWORK_SEARCH_PATHS = (
					"$(SDKROOT)/Developer/Library/Frameworks",
					"$(inherited)",
				);
				INFOPLIST_FILE = FoodDiaryTests/Info.plist;
				LD_RUNPATH_SEARCH_PATHS = "$(inherited) @executable_path/Frameworks @loader_path/Frameworks";
				PRODUCT_NAME = "$(TARGET_NAME)";
				TEST_HOST = "$(BUILT_PRODUCTS_DIR)/FoodDiary.app/FoodDiary";
			};
			name = Release;
		};
/* End XCBuildConfiguration section */

/* Begin XCConfigurationList section */
		3DD5419A1A62EE55003FBB49 /* Build configuration list for PBXProject "FoodDiary" */ = {
			isa = XCConfigurationList;
			buildConfigurations = (
				3DD541C01A62EE55003FBB49 /* Debug */,
				3DD541C11A62EE55003FBB49 /* Release */,
			);
			defaultConfigurationIsVisible = 0;
			defaultConfigurationName = Release;
		};
		3DD541C21A62EE55003FBB49 /* Build configuration list for PBXNativeTarget "FoodDiary" */ = {
			isa = XCConfigurationList;
			buildConfigurations = (
				3DD541C31A62EE55003FBB49 /* Debug */,
				3DD541C41A62EE55003FBB49 /* Release */,
			);
			defaultConfigurationIsVisible = 0;
			defaultConfigurationName = Release;
		};
		3DD541C51A62EE55003FBB49 /* Build configuration list for PBXNativeTarget "FoodDiaryTests" */ = {
			isa = XCConfigurationList;
			buildConfigurations = (
				3DD541C61A62EE55003FBB49 /* Debug */,
				3DD541C71A62EE55003FBB49 /* Release */,
			);
			defaultConfigurationIsVisible = 0;
			defaultConfigurationName = Release;
		};
/* End XCConfigurationList section */
	};
	rootObject = 3DD541971A62EE55003FBB49 /* Project object */;
}
